
Microsoft Visual Studio Solution File, Format Version 12.00
# Visual Studio 2012
Project("{FAE04EC0-301F-11D3-BF4B-00C04F79EFBC}") = "ConferenceTrackManagement", "ConferenceTrackManagement\ConferenceTrackManagement.csproj", "{56FE205E-82C2-4497-B08D-6229468D5628}"
EndProject
Project("{FAE04EC0-301F-11D3-BF4B-00C04F79EFBC}") = "ConferenceTrackManagementCore", "ConferenceTrackManagementCore\ConferenceTrackManagementCore.csproj", "{D0E55C72-BBCB-401E-9220-32BC491CA58B}"
EndProject
Global
	GlobalSection(SolutionConfigurationPlatforms) = preSolution
		Debug|Any CPU = Debug|Any CPU
		Release|Any CPU = Release|Any CPU
	EndGlobalSection
	GlobalSection(ProjectConfigurationPlatforms) = postSolution
		{56FE205E-82C2-4497-B08D-6229468D5628}.Debug|Any CPU.ActiveCfg = Debug|Any CPU
		{56FE205E-82C2-4497-B08D-6229468D5628}.Debug|Any CPU.Build.0 = Debug|Any CPU
		{56FE205E-82C2-4497-B08D-6229468D5628}.Release|Any CPU.ActiveCfg = Release|Any CPU
		{56FE205E-82C2-4497-B08D-6229468D5628}.Release|Any CPU.Build.0 = Release|Any CPU
		{D0E55C72-BBCB-401E-9220-32BC491CA58B}.Debug|Any CPU.ActiveCfg = Debug|Any CPU
		{D0E55C72-BBCB-401E-9220-32BC491CA58B}.Debug|Any CPU.Build.0 = Debug|Any CPU
		{D0E55C72-BBCB-401E-9220-32BC491CA58B}.Release|Any CPU.ActiveCfg = Release|Any CPU
		{D0E55C72-BBCB-401E-9220-32BC491CA58B}.Release|Any CPU.Build.0 = Release|Any CPU
	EndGlobalSection
	GlobalSection(SolutionProperties) = preSolution
		HideSolutionNode = FALSE
	EndGlobalSection
EndGlobal
